// !$*UTF8*$!
{
	archiveVersion = 1;
	classes = {
	};
	objectVersion = 56;
	objects = {

/* Begin PBXBuildFile section */
		BB7F058E2C90893E001770F0 /* AppDelegate.swift in Sources */ = {isa = PBXBuildFile; fileRef = BB7F058D2C90893E001770F0 /* AppDelegate.swift */; };
		BB7F05902C90893E001770F0 /* SceneDelegate.swift in Sources */ = {isa = PBXBuildFile; fileRef = BB7F058F2C90893E001770F0 /* SceneDelegate.swift */; };
		BB7F05922C90893E001770F0 /* ViewController.swift in Sources */ = {isa = PBXBuildFile; fileRef = BB7F05912C90893E001770F0 /* ViewController.swift */; };
		BB7F05972C908940001770F0 /* Assets.xcassets in Resources */ = {isa = PBXBuildFile; fileRef = BB7F05962C908940001770F0 /* Assets.xcassets */; };
		BB7F059A2C908940001770F0 /* LaunchScreen.storyboard in Resources */ = {isa = PBXBuildFile; fileRef = BB7F05982C908940001770F0 /* LaunchScreen.storyboard */; };
		BB7F05A32C908B99001770F0 /* AutolayoutDSL in Frameworks */ = {isa = PBXBuildFile; productRef = BB7F05A22C908B99001770F0 /* AutolayoutDSL */; };
		BB7F05B12C90977E001770F0 /* CustomTabView.swift in Sources */ = {isa = PBXBuildFile; fileRef = BB7F05B02C90977E001770F0 /* CustomTabView.swift */; };
		BB7F05B32C909788001770F0 /* UIView+Extension.swift in Sources */ = {isa = PBXBuildFile; fileRef = BB7F05B22C909788001770F0 /* UIView+Extension.swift */; };
/* End PBXBuildFile section */

/* Begin PBXFileReference section */
		BB7F058A2C90893E001770F0 /* ScrollHorizontal.app */ = {isa = PBXFileReference; explicitFileType = wrapper.application; includeInIndex = 0; path = ScrollHorizontal.app; sourceTree = BUILT_PRODUCTS_DIR; };
		BB7F058D2C90893E001770F0 /* AppDelegate.swift */ = {isa = PBXFileReference; lastKnownFileType = sourcecode.swift; path = AppDelegate.swift; sourceTree = "<group>"; };
		BB7F058F2C90893E001770F0 /* SceneDelegate.swift */ = {isa = PBXFileReference; lastKnownFileType = sourcecode.swift; path = SceneDelegate.swift; sourceTree = "<group>"; };
		BB7F05912C90893E001770F0 /* ViewController.swift */ = {isa = PBXFileReference; lastKnownFileType = sourcecode.swift; path = ViewController.swift; sourceTree = "<group>"; };
		BB7F05962C908940001770F0 /* Assets.xcassets */ = {isa = PBXFileReference; lastKnownFileType = folder.assetcatalog; path = Assets.xcassets; sourceTree = "<group>"; };
		BB7F05992C908940001770F0 /* Base */ = {isa = PBXFileReference; lastKnownFileType = file.storyboard; name = Base; path = Base.lproj/LaunchScreen.storyboard; sourceTree = "<group>"; };
		BB7F059B2C908940001770F0 /* Info.plist */ = {isa = PBXFileReference; lastKnownFileType = text.plist.xml; path = Info.plist; sourceTree = "<group>"; };
		BB7F05B02C90977E001770F0 /* CustomTabView.swift */ = {isa = PBXFileReference; fileEncoding = 4; lastKnownFileType = sourcecode.swift; path = CustomTabView.swift; sourceTree = "<group>"; };
		BB7F05B22C909788001770F0 /* UIView+Extension.swift */ = {isa = PBXFileReference; fileEncoding = 4; lastKnownFileType = sourcecode.swift; path = "UIView+Extension.swift"; sourceTree = "<group>"; };
/* End PBXFileReference section */

/* Begin PBXFrameworksBuildPhase section */
		BB7F05872C90893E001770F0 /* Frameworks */ = {
			isa = PBXFrameworksBuildPhase;
			buildActionMask = 2147483647;
			files = (
				BB7F05A32C908B99001770F0 /* AutolayoutDSL in Frameworks */,
			);
			runOnlyForDeploymentPostprocessing = 0;
		};
/* End PBXFrameworksBuildPhase section */

/* Begin PBXGroup section */
		BB7F05812C90893E001770F0 = {
			isa = PBXGroup;
			children = (
				BB7F058C2C90893E001770F0 /* ScrollHorizontal */,
				BB7F058B2C90893E001770F0 /* Products */,
			);
			sourceTree = "<group>";
		};
		BB7F058B2C90893E001770F0 /* Products */ = {
			isa = PBXGroup;
			children = (
				BB7F058A2C90893E001770F0 /* ScrollHorizontal.app */,
			);
			name = Products;
			sourceTree = "<group>";
		};
		BB7F058C2C90893E001770F0 /* ScrollHorizontal */ = {
			isa = PBXGroup;
			children = (
				BB7F05A42C90909A001770F0 /* App */,
				BB7F05A52C9090A7001770F0 /* Base */,
				BB7F05A62C9090B2001770F0 /* Resources */,
				BB7F05912C90893E001770F0 /* ViewController.swift */,
				BB7F05982C908940001770F0 /* LaunchScreen.storyboard */,
				BB7F059B2C908940001770F0 /* Info.plist */,
			);
			path = ScrollHorizontal;
			sourceTree = "<group>";
		};
		BB7F05A42C90909A001770F0 /* App */ = {
			isa = PBXGroup;
			children = (
				BB7F058D2C90893E001770F0 /* AppDelegate.swift */,
				BB7F058F2C90893E001770F0 /* SceneDelegate.swift */,
			);
			path = App;
			sourceTree = "<group>";
		};
		BB7F05A52C9090A7001770F0 /* Base */ = {
			isa = PBXGroup;
			children = (
				BB7F05A72C9090C1001770F0 /* UI */,
				BB7F05A82C9090C9001770F0 /* Extensions */,
			);
			path = Base;
			sourceTree = "<group>";
		};
		BB7F05A62C9090B2001770F0 /* Resources */ = {
			isa = PBXGroup;
			children = (
				BB7F05962C908940001770F0 /* Assets.xcassets */,
			);
			path = Resources;
			sourceTree = "<group>";
		};
		BB7F05A72C9090C1001770F0 /* UI */ = {
			isa = PBXGroup;
			children = (
				BB7F05AB2C909102001770F0 /* Components */,
			);
			path = UI;
			sourceTree = "<group>";
		};
		BB7F05A82C9090C9001770F0 /* Extensions */ = {
			isa = PBXGroup;
			children = (
				BB7F05B22C909788001770F0 /* UIView+Extension.swift */,
			);
			path = Extensions;
			sourceTree = "<group>";
		};
		BB7F05AB2C909102001770F0 /* Components */ = {
			isa = PBXGroup;
			children = (
				BB7F05B02C90977E001770F0 /* CustomTabView.swift */,
			);
			path = Components;
			sourceTree = "<group>";
		};
/* End PBXGroup section */

/* Begin PBXNativeTarget section */
		BB7F05892C90893E001770F0 /* ScrollHorizontal */ = {
			isa = PBXNativeTarget;
			buildConfigurationList = BB7F059E2C908940001770F0 /* Build configuration list for PBXNativeTarget "ScrollHorizontal" */;
			buildPhases = (
				BB7F05862C90893E001770F0 /* Sources */,
				BB7F05872C90893E001770F0 /* Frameworks */,
				BB7F05882C90893E001770F0 /* Resources */,
			);
			buildRules = (
			);
			dependencies = (
			);
			name = ScrollHorizontal;
			packageProductDependencies = (
				BB7F05A22C908B99001770F0 /* AutolayoutDSL */,
			);
			productName = ScrollHorizontal;
			productReference = BB7F058A2C90893E001770F0 /* ScrollHorizontal.app */;
			productType = "com.apple.product-type.application";
		};
/* End PBXNativeTarget section */

/* Begin PBXProject section */
		BB7F05822C90893E001770F0 /* Project object */ = {
			isa = PBXProject;
			attributes = {
				BuildIndependentTargetsInParallel = 1;
				LastSwiftUpdateCheck = 1510;
				LastUpgradeCheck = 1510;
				TargetAttributes = {
					BB7F05892C90893E001770F0 = {
						CreatedOnToolsVersion = 15.1;
					};
				};
			};
			buildConfigurationList = BB7F05852C90893E001770F0 /* Build configuration list for PBXProject "ScrollHorizontal" */;
			compatibilityVersion = "Xcode 14.0";
			developmentRegion = en;
			hasScannedForEncodings = 0;
			knownRegions = (
				en,
				Base,
			);
			mainGroup = BB7F05812C90893E001770F0;
			packageReferences = (
				BB7F05A12C908B99001770F0 /* XCRemoteSwiftPackageReference "LayoutDSL" */,
			);
			productRefGroup = BB7F058B2C90893E001770F0 /* Products */;
			projectDirPath = "";
			projectRoot = "";
			targets = (
				BB7F05892C90893E001770F0 /* ScrollHorizontal */,
			);
		};
/* End PBXProject section */

/* Begin PBXResourcesBuildPhase section */
		BB7F05882C90893E001770F0 /* Resources */ = {
			isa = PBXResourcesBuildPhase;
			buildActionMask = 2147483647;
			files = (
				BB7F059A2C908940001770F0 /* LaunchScreen.storyboard in Resources */,
				BB7F05972C908940001770F0 /* Assets.xcassets in Resources */,
			);
			runOnlyForDeploymentPostprocessing = 0;
		};
/* End PBXResourcesBuildPhase section */

/* Begin PBXSourcesBuildPhase section */
		BB7F05862C90893E001770F0 /* Sources */ = {
			isa = PBXSourcesBuildPhase;
			buildActionMask = 2147483647;
			files = (
				BB7F05B32C909788001770F0 /* UIView+Extension.swift in Sources */,
				BB7F05922C90893E001770F0 /* ViewController.swift in Sources */,
				BB7F058E2C90893E001770F0 /* AppDelegate.swift in Sources */,
				BB7F05B12C90977E001770F0 /* CustomTabView.swift in Sources */,
				BB7F05902C90893E001770F0 /* SceneDelegate.swift in Sources */,
			);
			runOnlyForDeploymentPostprocessing = 0;
		};
/* End PBXSourcesBuildPhase section */

/* Begin PBXVariantGroup section */
		BB7F05982C908940001770F0 /* LaunchScreen.storyboard */ = {
			isa = PBXVariantGroup;
			children = (
				BB7F05992C908940001770F0 /* Base */,
			);
			name = LaunchScreen.storyboard;
			sourceTree = "<group>";
		};
/* End PBXVariantGroup section */

/* Begin XCBuildConfiguration section */
		BB7F059C2C908940001770F0 /* Debug */ = {
			isa = XCBuildConfiguration;
			buildSettings = {
				ALWAYS_SEARCH_USER_PATHS = NO;
				ASSETCATALOG_COMPILER_GENERATE_SWIFT_ASSET_SYMBOL_EXTENSIONS = YES;
				CLANG_ANALYZER_NONNULL = YES;
				CLANG_ANALYZER_NUMBER_OBJECT_CONVERSION = YES_AGGRESSIVE;
				CLANG_CXX_LANGUAGE_STANDARD = "gnu++20";
				CLANG_ENABLE_MODULES = YES;
				CLANG_ENABLE_OBJC_ARC = YES;
				CLANG_ENABLE_OBJC_WEAK = YES;
				CLANG_WARN_BLOCK_CAPTURE_AUTORELEASING = YES;
				CLANG_WARN_BOOL_CONVERSION = YES;
				CLANG_WARN_COMMA = YES;
				CLANG_WARN_CONSTANT_CONVERSION = YES;
				CLANG_WARN_DEPRECATED_OBJC_IMPLEMENTATIONS = YES;
				CLANG_WARN_DIRECT_OBJC_ISA_USAGE = YES_ERROR;
				CLANG_WARN_DOCUMENTATION_COMMENTS = YES;
				CLANG_WARN_EMPTY_BODY = YES;
				CLANG_WARN_ENUM_CONVERSION = YES;
				CLANG_WARN_INFINITE_RECURSION = YES;
				CLANG_WARN_INT_CONVERSION = YES;
				CLANG_WARN_NON_LITERAL_NULL_CONVERSION = YES;
				CLANG_WARN_OBJC_IMPLICIT_RETAIN_SELF = YES;
				CLANG_WARN_OBJC_LITERAL_CONVERSION = YES;
				CLANG_WARN_OBJC_ROOT_CLASS = YES_ERROR;
				CLANG_WARN_QUOTED_INCLUDE_IN_FRAMEWORK_HEADER = YES;
				CLANG_WARN_RANGE_LOOP_ANALYSIS = YES;
				CLANG_WARN_STRICT_PROTOTYPES = YES;
				CLANG_WARN_SUSPICIOUS_MOVE = YES;
				CLANG_WARN_UNGUARDED_AVAILABILITY = YES_AGGRESSIVE;
				CLANG_WARN_UNREACHABLE_CODE = YES;
				CLANG_WARN__DUPLICATE_METHOD_MATCH = YES;
				COPY_PHASE_STRIP = NO;
				DEBUG_INFORMATION_FORMAT = dwarf;
				ENABLE_STRICT_OBJC_MSGSEND = YES;
				ENABLE_TESTABILITY = YES;
				ENABLE_USER_SCRIPT_SANDBOXING = YES;
				GCC_C_LANGUAGE_STANDARD = gnu17;
				GCC_DYNAMIC_NO_PIC = NO;
				GCC_NO_COMMON_BLOCKS = YES;
				GCC_OPTIMIZATION_LEVEL = 0;
				GCC_PREPROCESSOR_DEFINITIONS = (
					"DEBUG=1",
					"$(inherited)",
				);
				GCC_WARN_64_TO_32_BIT_CONVERSION = YES;
				GCC_WARN_ABOUT_RETURN_TYPE = YES_ERROR;
				GCC_WARN_UNDECLARED_SELECTOR = YES;
				GCC_WARN_UNINITIALIZED_AUTOS = YES_AGGRESSIVE;
				GCC_WARN_UNUSED_FUNCTION = YES;
				GCC_WARN_UNUSED_VARIABLE = YES;
				IPHONEOS_DEPLOYMENT_TARGET = 17.2;
				LOCALIZATION_PREFERS_STRING_CATALOGS = YES;
				MTL_ENABLE_DEBUG_INFO = INCLUDE_SOURCE;
				MTL_FAST_MATH = YES;
				ONLY_ACTIVE_ARCH = YES;
				SDKROOT = iphoneos;
				SWIFT_ACTIVE_COMPILATION_CONDITIONS = "DEBUG $(inherited)";
				SWIFT_OPTIMIZATION_LEVEL = "-Onone";
			};
			name = Debug;
		};
		BB7F059D2C908940001770F0 /* Release */ = {
			isa = XCBuildConfiguration;
			buildSettings = {
				ALWAYS_SEARCH_USER_PATHS = NO;
				ASSETCATALOG_COMPILER_GENERATE_SWIFT_ASSET_SYMBOL_EXTENSIONS = YES;
				CLANG_ANALYZER_NONNULL = YES;
				CLANG_ANALYZER_NUMBER_OBJECT_CONVERSION = YES_AGGRESSIVE;
				CLANG_CXX_LANGUAGE_STANDARD = "gnu++20";
				CLANG_ENABLE_MODULES = YES;
				CLANG_ENABLE_OBJC_ARC = YES;
				CLANG_ENABLE_OBJC_WEAK = YES;
				CLANG_WARN_BLOCK_CAPTURE_AUTORELEASING = YES;
				CLANG_WARN_BOOL_CONVERSION = YES;
				CLANG_WARN_COMMA = YES;
				CLANG_WARN_CONSTANT_CONVERSION = YES;
				CLANG_WARN_DEPRECATED_OBJC_IMPLEMENTATIONS = YES;
				CLANG_WARN_DIRECT_OBJC_ISA_USAGE = YES_ERROR;
				CLANG_WARN_DOCUMENTATION_COMMENTS = YES;
				CLANG_WARN_EMPTY_BODY = YES;
				CLANG_WARN_ENUM_CONVERSION = YES;
				CLANG_WARN_INFINITE_RECURSION = YES;
				CLANG_WARN_INT_CONVERSION = YES;
				CLANG_WARN_NON_LITERAL_NULL_CONVERSION = YES;
				CLANG_WARN_OBJC_IMPLICIT_RETAIN_SELF = YES;
				CLANG_WARN_OBJC_LITERAL_CONVERSION = YES;
				CLANG_WARN_OBJC_ROOT_CLASS = YES_ERROR;
				CLANG_WARN_QUOTED_INCLUDE_IN_FRAMEWORK_HEADER = YES;
				CLANG_WARN_RANGE_LOOP_ANALYSIS = YES;
				CLANG_WARN_STRICT_PROTOTYPES = YES;
				CLANG_WARN_SUSPICIOUS_MOVE = YES;
				CLANG_WARN_UNGUARDED_AVAILABILITY = YES_AGGRESSIVE;
				CLANG_WARN_UNREACHABLE_CODE = YES;
				CLANG_WARN__DUPLICATE_METHOD_MATCH = YES;
				COPY_PHASE_STRIP = NO;
				DEBUG_INFORMATION_FORMAT = "dwarf-with-dsym";
				ENABLE_NS_ASSERTIONS = NO;
				ENABLE_STRICT_OBJC_MSGSEND = YES;
				ENABLE_USER_SCRIPT_SANDBOXING = YES;
				GCC_C_LANGUAGE_STANDARD = gnu17;
				GCC_NO_COMMON_BLOCKS = YES;
				GCC_WARN_64_TO_32_BIT_CONVERSION = YES;
				GCC_WARN_ABOUT_RETURN_TYPE = YES_ERROR;
				GCC_WARN_UNDECLARED_SELECTOR = YES;
				GCC_WARN_UNINITIALIZED_AUTOS = YES_AGGRESSIVE;
				GCC_WARN_UNUSED_FUNCTION = YES;
				GCC_WARN_UNUSED_VARIABLE = YES;
				IPHONEOS_DEPLOYMENT_TARGET = 17.2;
				LOCALIZATION_PREFERS_STRING_CATALOGS = YES;
				MTL_ENABLE_DEBUG_INFO = NO;
				MTL_FAST_MATH = YES;
				SDKROOT = iphoneos;
				SWIFT_COMPILATION_MODE = wholemodule;
				VALIDATE_PRODUCT = YES;
			};
			name = Release;
		};
		BB7F059F2C908940001770F0 /* Debug */ = {
			isa = XCBuildConfiguration;
			buildSettings = {
				ASSETCATALOG_COMPILER_APPICON_NAME = AppIcon;
				ASSETCATALOG_COMPILER_GLOBAL_ACCENT_COLOR_NAME = AccentColor;
				CODE_SIGN_STYLE = Automatic;
				CURRENT_PROJECT_VERSION = 1;
				GENERATE_INFOPLIST_FILE = YES;
				INFOPLIST_FILE = ScrollHorizontal/Info.plist;
				INFOPLIST_KEY_UIApplicationSupportsIndirectInputEvents = YES;
				INFOPLIST_KEY_UILaunchStoryboardName = LaunchScreen;
				INFOPLIST_KEY_UIMainStoryboardFile = "";
				INFOPLIST_KEY_UISupportedInterfaceOrientations_iPad = "UIInterfaceOrientationPortrait UIInterfaceOrientationPortraitUpsideDown UIInterfaceOrientationLandscapeLeft UIInterfaceOrientationLandscapeRight";
				INFOPLIST_KEY_UISupportedInterfaceOrientations_iPhone = "UIInterfaceOrientationPortrait UIInterfaceOrientationLandscapeLeft UIInterfaceOrientationLandscapeRight";
				LD_RUNPATH_SEARCH_PATHS = (
					"$(inherited)",
					"@executable_path/Frameworks",
				);
				MARKETING_VERSION = 1.0;
				PRODUCT_BUNDLE_IDENTIFIER = com.yourcompany.ScrollHorizontal;
				PRODUCT_NAME = "$(TARGET_NAME)";
				SWIFT_EMIT_LOC_STRINGS = YES;
				SWIFT_VERSION = 5.0;
				TARGETED_DEVICE_FAMILY = "1,2";
			};
			name = Debug;
		};
		BB7F05A02C908940001770F0 /* Release */ = {
			isa = XCBuildConfiguration;
			buildSettings = {
				ASSETCATALOG_COMPILER_APPICON_NAME = AppIcon;
				ASSETCATALOG_COMPILER_GLOBAL_ACCENT_COLOR_NAME = AccentColor;
				CODE_SIGN_STYLE = Automatic;
				CURRENT_PROJECT_VERSION = 1;
				GENERATE_INFOPLIST_FILE = YES;
				INFOPLIST_FILE = ScrollHorizontal/Info.plist;
				INFOPLIST_KEY_UIApplicationSupportsIndirectInputEvents = YES;
				INFOPLIST_KEY_UILaunchStoryboardName = LaunchScreen;
				INFOPLIST_KEY_UIMainStoryboardFile = "";
				INFOPLIST_KEY_UISupportedInterfaceOrientations_iPad = "UIInterfaceOrientationPortrait UIInterfaceOrientationPortraitUpsideDown UIInterfaceOrientationLandscapeLeft UIInterfaceOrientationLandscapeRight";
				INFOPLIST_KEY_UISupportedInterfaceOrientations_iPhone = "UIInterfaceOrientationPortrait UIInterfaceOrientationLandscapeLeft UIInterfaceOrientationLandscapeRight";
				LD_RUNPATH_SEARCH_PATHS = (
					"$(inherited)",
					"@executable_path/Frameworks",
				);
				MARKETING_VERSION = 1.0;
				PRODUCT_BUNDLE_IDENTIFIER = com.yourcompany.ScrollHorizontal;
				PRODUCT_NAME = "$(TARGET_NAME)";
				SWIFT_EMIT_LOC_STRINGS = YES;
				SWIFT_VERSION = 5.0;
				TARGETED_DEVICE_FAMILY = "1,2";
			};
			name = Release;
		};
/* End XCBuildConfiguration section */

/* Begin XCConfigurationList section */
		BB7F05852C90893E001770F0 /* Build configuration list for PBXProject "ScrollHorizontal" */ = {
			isa = XCConfigurationList;
			buildConfigurations = (
				BB7F059C2C908940001770F0 /* Debug */,
				BB7F059D2C908940001770F0 /* Release */,
			);
			defaultConfigurationIsVisible = 0;
			defaultConfigurationName = Release;
		};
		BB7F059E2C908940001770F0 /* Build configuration list for PBXNativeTarget "ScrollHorizontal" */ = {
			isa = XCConfigurationList;
			buildConfigurations = (
				BB7F059F2C908940001770F0 /* Debug */,
				BB7F05A02C908940001770F0 /* Release */,
			);
			defaultConfigurationIsVisible = 0;
			defaultConfigurationName = Release;
		};
/* End XCConfigurationList section */

/* Begin XCRemoteSwiftPackageReference section */
		BB7F05A12C908B99001770F0 /* XCRemoteSwiftPackageReference "LayoutDSL" */ = {
			isa = XCRemoteSwiftPackageReference;
			repositoryURL = "https://github.com/AlvaroOlave/LayoutDSL";
			requirement = {
				kind = upToNextMajorVersion;
				minimumVersion = 0.1.0;
			};
		};
/* End XCRemoteSwiftPackageReference section */

/* Begin XCSwiftPackageProductDependency section */
		BB7F05A22C908B99001770F0 /* AutolayoutDSL */ = {
			isa = XCSwiftPackageProductDependency;
			package = BB7F05A12C908B99001770F0 /* XCRemoteSwiftPackageReference "LayoutDSL" */;
			productName = AutolayoutDSL;
		};
/* End XCSwiftPackageProductDependency section */
	};
	rootObject = BB7F05822C90893E001770F0 /* Project object */;
}
